
Microsoft Visual Studio Solution File, Format Version 12.00
# Visual Studio Version 17
VisualStudioVersion = 17.5.33530.505
MinimumVisualStudioVersion = 10.0.40219.1
Project("{9A19103F-16F7-4668-BE54-9A1E7A4F7556}") = "STINProject.Server", "STINProject\Server\STINProject.Server.csproj", "{5DEAA49F-53FE-4949-9B45-816A78BE2A65}"
EndProject
Project("{9A19103F-16F7-4668-BE54-9A1E7A4F7556}") = "STINProject.Client", "STINProject\Client\STINProject.Client.csproj", "{65B8CF95-EF00-4877-B25F-0D4ABCA0003B}"
EndProject
Project("{9A19103F-16F7-4668-BE54-9A1E7A4F7556}") = "STINProject.Shared", "STINProject\Shared\STINProject.Shared.csproj", "{05841FB0-2079-41A8-B3DE-D92C4DAAD880}"
EndProject
Project("{FAE04EC0-301F-11D3-BF4B-00C04F79EFBC}") = "ServerTests", "STINProject\ServerTests\ServerTests.csproj", "{01D6C5F7-E76D-4DD1-A9AC-AA8736DDF131}"
EndProject
Global
	GlobalSection(SolutionConfigurationPlatforms) = preSolution
		Debug|Any CPU = Debug|Any CPU
		Release|Any CPU = Release|Any CPU
	EndGlobalSection
	GlobalSection(ProjectConfigurationPlatforms) = postSolution
		{5DEAA49F-53FE-4949-9B45-816A78BE2A65}.Debug|Any CPU.ActiveCfg = Debug|Any CPU
		{5DEAA49F-53FE-4949-9B45-816A78BE2A65}.Debug|Any CPU.Build.0 = Debug|Any CPU
		{5DEAA49F-53FE-4949-9B45-816A78BE2A65}.Release|Any CPU.ActiveCfg = Release|Any CPU
		{5DEAA49F-53FE-4949-9B45-816A78BE2A65}.Release|Any CPU.Build.0 = Release|Any CPU
		{65B8CF95-EF00-4877-B25F-0D4ABCA0003B}.Debug|Any CPU.ActiveCfg = Debug|Any CPU
		{65B8CF95-EF00-4877-B25F-0D4ABCA0003B}.Debug|Any CPU.Build.0 = Debug|Any CPU
		{65B8CF95-EF00-4877-B25F-0D4ABCA0003B}.Release|Any CPU.ActiveCfg = Release|Any CPU
		{65B8CF95-EF00-4877-B25F-0D4ABCA0003B}.Release|Any CPU.Build.0 = Release|Any CPU
		{05841FB0-2079-41A8-B3DE-D92C4DAAD880}.Debug|Any CPU.ActiveCfg = Debug|Any CPU
		{05841FB0-2079-41A8-B3DE-D92C4DAAD880}.Debug|Any CPU.Build.0 = Debug|Any CPU
		{05841FB0-2079-41A8-B3DE-D92C4DAAD880}.Release|Any CPU.ActiveCfg = Release|Any CPU
		{05841FB0-2079-41A8-B3DE-D92C4DAAD880}.Release|Any CPU.Build.0 = Release|Any CPU
		{01D6C5F7-E76D-4DD1-A9AC-AA8736DDF131}.Debug|Any CPU.ActiveCfg = Debug|Any CPU
		{01D6C5F7-E76D-4DD1-A9AC-AA8736DDF131}.Debug|Any CPU.Build.0 = Debug|Any CPU
		{01D6C5F7-E76D-4DD1-A9AC-AA8736DDF131}.Release|Any CPU.ActiveCfg = Release|Any CPU
		{01D6C5F7-E76D-4DD1-A9AC-AA8736DDF131}.Release|Any CPU.Build.0 = Release|Any CPU
	EndGlobalSection
	GlobalSection(SolutionProperties) = preSolution
		HideSolutionNode = FALSE
	EndGlobalSection
	GlobalSection(ExtensibilityGlobals) = postSolution
		SolutionGuid = {C5DA80C3-1B04-48D2-9143-F86D6FD14E51}
	EndGlobalSection
EndGlobal
